{
  "originHash" : "d5cea687ade4dca5bb9bc19c22be3e56cd896b4c910e451879d6f730900269c5",
  "pins" : [
    {
      "identity" : "nodal",
      "kind" : "remoteSourceControl",
      "location" : "https://github.com/tomasf/Nodal.git",
      "state" : {
        "revision" : "0ec74822bcf604f2e20d445e1e62e5e87abf8a3f",
        "version" : "1.0.2"
      }
    },
    {
      "identity" : "occtswift",
      "kind" : "remoteSourceControl",
      "location" : "https://github.com/SecondMouseAU/OCCTSwift.git",
      "state" : {
        "revision" : "0c9f9274e4ff2a4fd422291a45b3560161dbbe64",
        "version" : "3.0.0"
      }
    },
    {
      "identity" : "occtswiftinteraction",
      "kind" : "remoteSourceControl",
      "location" : "https://github.com/SecondMouseAU/OCCTSwiftInteraction.git",
      "state" : {
        "revision" : "bbeadbeae1e23a5f52f94d1d89ea3c169563c847",
        "version" : "0.1.0"
      }
    },
    {
      "identity" : "occtswiftio",
      "kind" : "remoteSourceControl",
      "location" : "https://github.com/SecondMouseAU/OCCTSwiftIO.git",
      "state" : {
        "revision" : "d91c16f0d3a8f7ce16c302aac38ed8f5716dcb26",
        "version" : "1.7.8"
      }
    },
    {
      "identity" : "occtswiftmesh",
      "kind" : "remoteSourceControl",
      "location" : "https://github.com/SecondMouseAU/OCCTSwiftMesh.git",
      "state" : {
        "revision" : "a231b6b4bf5ae8976beb7ddfb16682d56b48e0d1",
        "version" : "1.7.5"
      }
    },
    {
      "identity" : "occtswiftviewport",
      "kind" : "remoteSourceControl",
      "location" : "https://github.com/SecondMouseAU/OCCTSwiftViewport.git",
      "state" : {
        "revision" : "50cb40d06e4d1e2e3003625c8b5487fad1edf2cb",
        "version" : "1.1.27"
      }
    },
    {
      "identity" : "swiftdxf",
      "kind" : "remoteSourceControl",
      "location" : "https://github.com/SecondMouseAU/SwiftDXF.git",
      "state" : {
        "revision" : "8419e9aade961cc973bd642e0312e5cd173a87ae",
        "version" : "0.2.1"
      }
    },
    {
      "identity" : "swiftgltf",
      "kind" : "remoteSourceControl",
      "location" : "https://github.com/schwa/SwiftGLTF.git",
      "state" : {
        "revision" : "e17b478ca157733543a7cf9da370d34dbabc9236",
        "version" : "1.0.2"
      }
    },
    {
      "identity" : "swiftjww",
      "kind" : "remoteSourceControl",
      "location" : "https://github.com/SecondMouseAU/SwiftJWW.git",
      "state" : {
        "revision" : "f41e6be050545f43184a6708b03cb1e9e7be9e63",
        "version" : "1.2.2"
      }
    },
    {
      "identity" : "swiftpmx",
      "kind" : "remoteSourceControl",
      "location" : "https://github.com/SecondMouseAU/SwiftPMX.git",
      "state" : {
        "revision" : "c19be503b765c0fd385be5d04fda5699f858fad3",
        "version" : "1.1.1"
      }
    },
    {
      "identity" : "swiftx",
      "kind" : "remoteSourceControl",
      "location" : "https://github.com/SecondMouseAU/SwiftX.git",
      "state" : {
        "revision" : "34660dd6ecd1573a2c2419d6b0dea26b4ca1e617",
        "version" : "1.0.1"
      }
    },
    {
      "identity" : "threemf",
      "kind" : "remoteSourceControl",
      "location" : "https://github.com/tomasf/ThreeMF.git",
      "state" : {
        "revision" : "15765bd9e3859e2884385a79e6d2e34686b42fb1",
        "version" : "0.2.5"
      }
    },
    {
      "identity" : "zip",
      "kind" : "remoteSourceControl",
      "location" : "https://github.com/tomasf/Zip.git",
      "state" : {
        "revision" : "3a22aaf3f449ceded0354695af96967d1df4e5e0",
        "version" : "2.1.2"
      }
    }
  ],
  "version" : 3
}
