{
  "originHash" : "902fcc11c2f4dd087ed5a213efa27f51334af57a8ae2692d8718df8dd65529b8",
  "pins" : [
    {
      "identity" : "occtswift",
      "kind" : "remoteSourceControl",
      "location" : "https://github.com/SecondMouseAU/OCCTSwift.git",
      "state" : {
        "revision" : "b71b65760498052a3ce79c91b95a904fea6df459",
        "version" : "1.15.0"
      }
    },
    {
      "identity" : "occtswiftais",
      "kind" : "remoteSourceControl",
      "location" : "https://github.com/SecondMouseAU/OCCTSwiftAIS.git",
      "state" : {
        "revision" : "b70a22e29b6f1dd64dcdd9ad773f3adb9fdef5a7",
        "version" : "1.0.5"
      }
    },
    {
      "identity" : "occtswiftio",
      "kind" : "remoteSourceControl",
      "location" : "https://github.com/SecondMouseAU/OCCTSwiftIO.git",
      "state" : {
        "revision" : "566d870ed8551df548c3e847a8be55e0f6a6ddf1",
        "version" : "1.0.2"
      }
    },
    {
      "identity" : "occtswiftmesh",
      "kind" : "remoteSourceControl",
      "location" : "https://github.com/SecondMouseAU/OCCTSwiftMesh.git",
      "state" : {
        "revision" : "fcb8b1d6efbb785f3363cf94b67d8501ae2a6a27",
        "version" : "1.1.6"
      }
    },
    {
      "identity" : "occtswifttools",
      "kind" : "remoteSourceControl",
      "location" : "https://github.com/SecondMouseAU/OCCTSwiftTools.git",
      "state" : {
        "revision" : "632e1cd96560c4909e7ad949b540e208cd6b24bf",
        "version" : "1.3.1"
      }
    },
    {
      "identity" : "occtswiftviewport",
      "kind" : "remoteSourceControl",
      "location" : "https://github.com/SecondMouseAU/OCCTSwiftViewport.git",
      "state" : {
        "revision" : "66bee2038ba4b835d35f650b865241203f40c613",
        "version" : "1.1.24"
      }
    }
  ],
  "version" : 3
}
